
Microsoft Visual Studio Solution File, Format Version 12.00
# Visual Studio Version 17
VisualStudioVersion = 17.10.34928.147
MinimumVisualStudioVersion = 10.0.40219.1
Project("{8BC9CEB8-8B4A-11D0-8D11-00A0C91BC942}") = "Project1", "Project1\Project1.vcxproj", "{903B4A47-C534-4B21-92C8-C686A73D8709}"
EndProject
Project("{8BC9CEB8-8B4A-11D0-8D11-00A0C91BC942}") = "Project2", "Project2\Project2.vcxproj", "{575C903C-47EC-460A-A450-259A307423C9}"
EndProject
Project("{8BC9CEB8-8B4A-11D0-8D11-00A0C91BC942}") = "StringSamples", "StringSamples\StringSamples.vcxproj", "{666968D3-6BFC-4237-A4CA-FCEEAA389FC8}"
EndProject
Project("{8BC9CEB8-8B4A-11D0-8D11-00A0C91BC942}") = "240905_ShiftOperatoren", "240905_ShiftOperatoren\240905_ShiftOperatoren.vcxproj", "{98C9ACC7-012B-4DF0-A5B0-38AC4A9FEE52}"
EndProject
Project("{8BC9CEB8-8B4A-11D0-8D11-00A0C91BC942}") = "240906_Functions", "240906_Functions\240906_Functions.vcxproj", "{539CD661-7AA4-4934-A561-635557F8F806}"
EndProject
Project("{8BC9CEB8-8B4A-11D0-8D11-00A0C91BC942}") = "240909_Aufgabe2", "240909_Aufgabe2\240909_Aufgabe2.vcxproj", "{B2C7FB8E-E088-400B-99C2-A60B69AC0BE9}"
EndProject
Project("{8BC9CEB8-8B4A-11D0-8D11-00A0C91BC942}") = "240910_Pointer", "240910_Pointer\240910_Pointer.vcxproj", "{0415E03D-2915-4D17-B7B0-44E14B87C08C}"
EndProject
Project("{8BC9CEB8-8B4A-11D0-8D11-00A0C91BC942}") = "240911_Aufgabe2_2", "240911_Aufgabe2_2\240911_Aufgabe2_2.vcxproj", "{8727A07E-A909-4C01-A09C-6EDBB7EC88EF}"
EndProject
Project("{8BC9CEB8-8B4A-11D0-8D11-00A0C91BC942}") = "240912_Modules", "240912_Modules\240912_Modules.vcxproj", "{CC2E0E84-DBF9-41CD-8FB9-8A35300830F2}"
EndProject
Project("{8BC9CEB8-8B4A-11D0-8D11-00A0C91BC942}") = "240912_Bibiliothek", "240912_Bibiliothek\240912_Bibiliothek.vcxproj", "{DDB842F5-E221-47ED-870B-E5D0EC8456F8}"
EndProject
Project("{8BC9CEB8-8B4A-11D0-8D11-00A0C91BC942}") = "240916_Uebung", "240916_Uebung\240916_Uebung.vcxproj", "{697CD060-02CC-41C4-99DE-4E1A876D45BC}"
EndProject
Project("{8BC9CEB8-8B4A-11D0-8D11-00A0C91BC942}") = "240916_QuizGame", "240916_QuizGame\240916_QuizGame.vcxproj", "{EF4BBA82-CC67-4D2C-B83D-B7C6D980E447}"
EndProject
Project("{8BC9CEB8-8B4A-11D0-8D11-00A0C91BC942}") = "240917_Vectors_Streams", "240917_Vectors_Streams\240917_Vectors_Streams.vcxproj", "{71D2A63A-EC50-42D4-937F-5B425EB351A5}"
EndProject
Project("{8BC9CEB8-8B4A-11D0-8D11-00A0C91BC942}") = "240918_Container", "240918_Container\240918_Container.vcxproj", "{E12B6340-F4F6-40E5-8E32-A3436A20B61E}"
EndProject
Project("{8BC9CEB8-8B4A-11D0-8D11-00A0C91BC942}") = "240919_ArgumentsAndFiles", "ArgumentsAndFiles\ArgumentsAndFiles.vcxproj", "{AF474E11-7143-46CF-A7F1-0DB6A67BD68F}"
EndProject
Project("{8BC9CEB8-8B4A-11D0-8D11-00A0C91BC942}") = "240924_Errorhandling", "240924_Errorhandling\240924_Errorhandling.vcxproj", "{6F437EE5-85DE-4F97-86DA-32F1C75D3C0B}"
EndProject
Project("{8BC9CEB8-8B4A-11D0-8D11-00A0C91BC942}") = "240925_Exercise_ErrorHandling", "240925_Exercise_ErrorHandling\240925_Exercise_ErrorHandling.vcxproj", "{E278FFDE-E10C-4859-B29A-381A593A4C41}"
EndProject
Project("{8BC9CEB8-8B4A-11D0-8D11-00A0C91BC942}") = "240925_Library", "240925_Library\240925_Library.vcxproj", "{DF79E986-ECF3-4391-AA49-D449B1BB523C}"
EndProject
Project("{8BC9CEB8-8B4A-11D0-8D11-00A0C91BC942}") = "240926_ObjectOrientation", "240926_ObjectOrientation\240926_ObjectOrientation.vcxproj", "{01C7E1A7-4745-4B07-BD3B-FB963393D3FC}"
EndProject
Project("{8BC9CEB8-8B4A-11D0-8D11-00A0C91BC942}") = "241001_Inheritance", "241001_Inheritance\241001_Inheritance.vcxproj", "{7BA3F325-590C-4CAF-8A16-90B80EF66CCB}"
EndProject
Project("{8BC9CEB8-8B4A-11D0-8D11-00A0C91BC942}") = "241004_Namespaces", "241004_Namespaces\241004_Namespaces.vcxproj", "{41628E88-65E0-49DA-BB43-084DA08630FA}"
EndProject
Project("{8BC9CEB8-8B4A-11D0-8D11-00A0C91BC942}") = "241004_GoogleTest", "241004_GoogleTest\241004_GoogleTest.vcxproj", "{585304C5-8F21-4E64-9F95-FABB244CBF7A}"
EndProject
Project("{8BC9CEB8-8B4A-11D0-8D11-00A0C91BC942}") = "241007_WXWidget Uebung", "241007_WXWidget Uebung\241007_WXWidget Uebung.vcxproj", "{ECE9FC52-E381-4806-998D-41E9EF3E2582}"
EndProject
Project("{8BC9CEB8-8B4A-11D0-8D11-00A0C91BC942}") = "241007_VCPackman", "241007_VCPackman\241007_VCPackman.vcxproj", "{6356AC3A-3702-4027-B374-6C1D930F2390}"
EndProject
Project("{8BC9CEB8-8B4A-11D0-8D11-00A0C91BC942}") = "241008_UMLUebung", "241008_UMLUebung\241008_UMLUebung.vcxproj", "{409CB948-ED9E-4781-9E51-C4F996B20D4F}"
EndProject
Project("{8BC9CEB8-8B4A-11D0-8D11-00A0C91BC942}") = "241010_Lambda Tutorium", "241010_Lambda Tutorium\241010_Lambda Tutorium.vcxproj", "{CF06EA58-5A03-4250-A501-320785814A7E}"
EndProject
Project("{8BC9CEB8-8B4A-11D0-8D11-00A0C91BC942}") = "241010_Templates Tutorium", "241010_Templates Tutorium\241010_Templates Tutorium.vcxproj", "{B2EC7A30-8F3D-4EC6-A269-C7AFAAABEE7E}"
EndProject
Project("{8BC9CEB8-8B4A-11D0-8D11-00A0C91BC942}") = "241011_Template Ueberladung", "241011_Template Ueberladung\241011_Template Ueberladung.vcxproj", "{A2CC3636-1CC0-46FB-B81F-D194E7395250}"
EndProject
Project("{8BC9CEB8-8B4A-11D0-8D11-00A0C91BC942}") = "241014_Einkaufs Uebung", "241014_Einkaufs Uebung\241014_Einkaufs Uebung.vcxproj", "{1FD1A6E9-3BC2-4584-86AD-5535972F3BD7}"
EndProject
Project("{8BC9CEB8-8B4A-11D0-8D11-00A0C91BC942}") = "241016_Variadic Templates Uebung", "241016_Variadic Templates Uebung\241016_Variadic Templates Uebung.vcxproj", "{97D07EDD-7715-49E6-8C9A-20A89CD2B6E4}"
EndProject
Project("{8BC9CEB8-8B4A-11D0-8D11-00A0C91BC942}") = "241017_Kreis Uebung", "241017_Kreis Uebung\241017_Kreis Uebung.vcxproj", "{7D28EC20-67A7-4FBC-893F-9ED7AD28D45F}"
EndProject
Global
	GlobalSection(SolutionConfigurationPlatforms) = preSolution
		Debug|x64 = Debug|x64
		Debug|x86 = Debug|x86
		Release|x64 = Release|x64
		Release|x86 = Release|x86
	EndGlobalSection
	GlobalSection(ProjectConfigurationPlatforms) = postSolution
		{903B4A47-C534-4B21-92C8-C686A73D8709}.Debug|x64.ActiveCfg = Debug|x64
		{903B4A47-C534-4B21-92C8-C686A73D8709}.Debug|x64.Build.0 = Debug|x64
		{903B4A47-C534-4B21-92C8-C686A73D8709}.Debug|x86.ActiveCfg = Debug|Win32
		{903B4A47-C534-4B21-92C8-C686A73D8709}.Debug|x86.Build.0 = Debug|Win32
		{903B4A47-C534-4B21-92C8-C686A73D8709}.Release|x64.ActiveCfg = Release|x64
		{903B4A47-C534-4B21-92C8-C686A73D8709}.Release|x64.Build.0 = Release|x64
		{903B4A47-C534-4B21-92C8-C686A73D8709}.Release|x86.ActiveCfg = Release|Win32
		{903B4A47-C534-4B21-92C8-C686A73D8709}.Release|x86.Build.0 = Release|Win32
		{575C903C-47EC-460A-A450-259A307423C9}.Debug|x64.ActiveCfg = Debug|x64
		{575C903C-47EC-460A-A450-259A307423C9}.Debug|x64.Build.0 = Debug|x64
		{575C903C-47EC-460A-A450-259A307423C9}.Debug|x86.ActiveCfg = Debug|Win32
		{575C903C-47EC-460A-A450-259A307423C9}.Debug|x86.Build.0 = Debug|Win32
		{575C903C-47EC-460A-A450-259A307423C9}.Release|x64.ActiveCfg = Release|x64
		{575C903C-47EC-460A-A450-259A307423C9}.Release|x64.Build.0 = Release|x64
		{575C903C-47EC-460A-A450-259A307423C9}.Release|x86.ActiveCfg = Release|Win32
		{575C903C-47EC-460A-A450-259A307423C9}.Release|x86.Build.0 = Release|Win32
		{666968D3-6BFC-4237-A4CA-FCEEAA389FC8}.Debug|x64.ActiveCfg = Debug|x64
		{666968D3-6BFC-4237-A4CA-FCEEAA389FC8}.Debug|x64.Build.0 = Debug|x64
		{666968D3-6BFC-4237-A4CA-FCEEAA389FC8}.Debug|x86.ActiveCfg = Debug|Win32
		{666968D3-6BFC-4237-A4CA-FCEEAA389FC8}.Debug|x86.Build.0 = Debug|Win32
		{666968D3-6BFC-4237-A4CA-FCEEAA389FC8}.Release|x64.ActiveCfg = Release|x64
		{666968D3-6BFC-4237-A4CA-FCEEAA389FC8}.Release|x64.Build.0 = Release|x64
		{666968D3-6BFC-4237-A4CA-FCEEAA389FC8}.Release|x86.ActiveCfg = Release|Win32
		{666968D3-6BFC-4237-A4CA-FCEEAA389FC8}.Release|x86.Build.0 = Release|Win32
		{98C9ACC7-012B-4DF0-A5B0-38AC4A9FEE52}.Debug|x64.ActiveCfg = Debug|x64
		{98C9ACC7-012B-4DF0-A5B0-38AC4A9FEE52}.Debug|x64.Build.0 = Debug|x64
		{98C9ACC7-012B-4DF0-A5B0-38AC4A9FEE52}.Debug|x86.ActiveCfg = Debug|Win32
		{98C9ACC7-012B-4DF0-A5B0-38AC4A9FEE52}.Debug|x86.Build.0 = Debug|Win32
		{98C9ACC7-012B-4DF0-A5B0-38AC4A9FEE52}.Release|x64.ActiveCfg = Release|x64
		{98C9ACC7-012B-4DF0-A5B0-38AC4A9FEE52}.Release|x64.Build.0 = Release|x64
		{98C9ACC7-012B-4DF0-A5B0-38AC4A9FEE52}.Release|x86.ActiveCfg = Release|Win32
		{98C9ACC7-012B-4DF0-A5B0-38AC4A9FEE52}.Release|x86.Build.0 = Release|Win32
		{539CD661-7AA4-4934-A561-635557F8F806}.Debug|x64.ActiveCfg = Debug|x64
		{539CD661-7AA4-4934-A561-635557F8F806}.Debug|x64.Build.0 = Debug|x64
		{539CD661-7AA4-4934-A561-635557F8F806}.Debug|x86.ActiveCfg = Debug|Win32
		{539CD661-7AA4-4934-A561-635557F8F806}.Debug|x86.Build.0 = Debug|Win32
		{539CD661-7AA4-4934-A561-635557F8F806}.Release|x64.ActiveCfg = Release|x64
		{539CD661-7AA4-4934-A561-635557F8F806}.Release|x64.Build.0 = Release|x64
		{539CD661-7AA4-4934-A561-635557F8F806}.Release|x86.ActiveCfg = Release|Win32
		{539CD661-7AA4-4934-A561-635557F8F806}.Release|x86.Build.0 = Release|Win32
		{B2C7FB8E-E088-400B-99C2-A60B69AC0BE9}.Debug|x64.ActiveCfg = Debug|x64
		{B2C7FB8E-E088-400B-99C2-A60B69AC0BE9}.Debug|x64.Build.0 = Debug|x64
		{B2C7FB8E-E088-400B-99C2-A60B69AC0BE9}.Debug|x86.ActiveCfg = Debug|Win32
		{B2C7FB8E-E088-400B-99C2-A60B69AC0BE9}.Debug|x86.Build.0 = Debug|Win32
		{B2C7FB8E-E088-400B-99C2-A60B69AC0BE9}.Release|x64.ActiveCfg = Release|x64
		{B2C7FB8E-E088-400B-99C2-A60B69AC0BE9}.Release|x64.Build.0 = Release|x64
		{B2C7FB8E-E088-400B-99C2-A60B69AC0BE9}.Release|x86.ActiveCfg = Release|Win32
		{B2C7FB8E-E088-400B-99C2-A60B69AC0BE9}.Release|x86.Build.0 = Release|Win32
		{0415E03D-2915-4D17-B7B0-44E14B87C08C}.Debug|x64.ActiveCfg = Debug|x64
		{0415E03D-2915-4D17-B7B0-44E14B87C08C}.Debug|x64.Build.0 = Debug|x64
		{0415E03D-2915-4D17-B7B0-44E14B87C08C}.Debug|x86.ActiveCfg = Debug|Win32
		{0415E03D-2915-4D17-B7B0-44E14B87C08C}.Debug|x86.Build.0 = Debug|Win32
		{0415E03D-2915-4D17-B7B0-44E14B87C08C}.Release|x64.ActiveCfg = Release|x64
		{0415E03D-2915-4D17-B7B0-44E14B87C08C}.Release|x64.Build.0 = Release|x64
		{0415E03D-2915-4D17-B7B0-44E14B87C08C}.Release|x86.ActiveCfg = Release|Win32
		{0415E03D-2915-4D17-B7B0-44E14B87C08C}.Release|x86.Build.0 = Release|Win32
		{8727A07E-A909-4C01-A09C-6EDBB7EC88EF}.Debug|x64.ActiveCfg = Debug|x64
		{8727A07E-A909-4C01-A09C-6EDBB7EC88EF}.Debug|x64.Build.0 = Debug|x64
		{8727A07E-A909-4C01-A09C-6EDBB7EC88EF}.Debug|x86.ActiveCfg = Debug|Win32
		{8727A07E-A909-4C01-A09C-6EDBB7EC88EF}.Debug|x86.Build.0 = Debug|Win32
		{8727A07E-A909-4C01-A09C-6EDBB7EC88EF}.Release|x64.ActiveCfg = Release|x64
		{8727A07E-A909-4C01-A09C-6EDBB7EC88EF}.Release|x64.Build.0 = Release|x64
		{8727A07E-A909-4C01-A09C-6EDBB7EC88EF}.Release|x86.ActiveCfg = Release|Win32
		{8727A07E-A909-4C01-A09C-6EDBB7EC88EF}.Release|x86.Build.0 = Release|Win32
		{CC2E0E84-DBF9-41CD-8FB9-8A35300830F2}.Debug|x64.ActiveCfg = Debug|x64
		{CC2E0E84-DBF9-41CD-8FB9-8A35300830F2}.Debug|x64.Build.0 = Debug|x64
		{CC2E0E84-DBF9-41CD-8FB9-8A35300830F2}.Debug|x86.ActiveCfg = Debug|Win32
		{CC2E0E84-DBF9-41CD-8FB9-8A35300830F2}.Debug|x86.Build.0 = Debug|Win32
		{CC2E0E84-DBF9-41CD-8FB9-8A35300830F2}.Release|x64.ActiveCfg = Release|x64
		{CC2E0E84-DBF9-41CD-8FB9-8A35300830F2}.Release|x64.Build.0 = Release|x64
		{CC2E0E84-DBF9-41CD-8FB9-8A35300830F2}.Release|x86.ActiveCfg = Release|Win32
		{CC2E0E84-DBF9-41CD-8FB9-8A35300830F2}.Release|x86.Build.0 = Release|Win32
		{DDB842F5-E221-47ED-870B-E5D0EC8456F8}.Debug|x64.ActiveCfg = Debug|x64
		{DDB842F5-E221-47ED-870B-E5D0EC8456F8}.Debug|x64.Build.0 = Debug|x64
		{DDB842F5-E221-47ED-870B-E5D0EC8456F8}.Debug|x86.ActiveCfg = Debug|Win32
		{DDB842F5-E221-47ED-870B-E5D0EC8456F8}.Debug|x86.Build.0 = Debug|Win32
		{DDB842F5-E221-47ED-870B-E5D0EC8456F8}.Release|x64.ActiveCfg = Release|x64
		{DDB842F5-E221-47ED-870B-E5D0EC8456F8}.Release|x64.Build.0 = Release|x64
		{DDB842F5-E221-47ED-870B-E5D0EC8456F8}.Release|x86.ActiveCfg = Release|Win32
		{DDB842F5-E221-47ED-870B-E5D0EC8456F8}.Release|x86.Build.0 = Release|Win32
		{697CD060-02CC-41C4-99DE-4E1A876D45BC}.Debug|x64.ActiveCfg = Debug|x64
		{697CD060-02CC-41C4-99DE-4E1A876D45BC}.Debug|x64.Build.0 = Debug|x64
		{697CD060-02CC-41C4-99DE-4E1A876D45BC}.Debug|x86.ActiveCfg = Debug|Win32
		{697CD060-02CC-41C4-99DE-4E1A876D45BC}.Debug|x86.Build.0 = Debug|Win32
		{697CD060-02CC-41C4-99DE-4E1A876D45BC}.Release|x64.ActiveCfg = Release|x64
		{697CD060-02CC-41C4-99DE-4E1A876D45BC}.Release|x64.Build.0 = Release|x64
		{697CD060-02CC-41C4-99DE-4E1A876D45BC}.Release|x86.ActiveCfg = Release|Win32
		{697CD060-02CC-41C4-99DE-4E1A876D45BC}.Release|x86.Build.0 = Release|Win32
		{EF4BBA82-CC67-4D2C-B83D-B7C6D980E447}.Debug|x64.ActiveCfg = Debug|x64
		{EF4BBA82-CC67-4D2C-B83D-B7C6D980E447}.Debug|x64.Build.0 = Debug|x64
		{EF4BBA82-CC67-4D2C-B83D-B7C6D980E447}.Debug|x86.ActiveCfg = Debug|Win32
		{EF4BBA82-CC67-4D2C-B83D-B7C6D980E447}.Debug|x86.Build.0 = Debug|Win32
		{EF4BBA82-CC67-4D2C-B83D-B7C6D980E447}.Release|x64.ActiveCfg = Release|x64
		{EF4BBA82-CC67-4D2C-B83D-B7C6D980E447}.Release|x64.Build.0 = Release|x64
		{EF4BBA82-CC67-4D2C-B83D-B7C6D980E447}.Release|x86.ActiveCfg = Release|Win32
		{EF4BBA82-CC67-4D2C-B83D-B7C6D980E447}.Release|x86.Build.0 = Release|Win32
		{71D2A63A-EC50-42D4-937F-5B425EB351A5}.Debug|x64.ActiveCfg = Debug|x64
		{71D2A63A-EC50-42D4-937F-5B425EB351A5}.Debug|x64.Build.0 = Debug|x64
		{71D2A63A-EC50-42D4-937F-5B425EB351A5}.Debug|x86.ActiveCfg = Debug|Win32
		{71D2A63A-EC50-42D4-937F-5B425EB351A5}.Debug|x86.Build.0 = Debug|Win32
		{71D2A63A-EC50-42D4-937F-5B425EB351A5}.Release|x64.ActiveCfg = Release|x64
		{71D2A63A-EC50-42D4-937F-5B425EB351A5}.Release|x64.Build.0 = Release|x64
		{71D2A63A-EC50-42D4-937F-5B425EB351A5}.Release|x86.ActiveCfg = Release|Win32
		{71D2A63A-EC50-42D4-937F-5B425EB351A5}.Release|x86.Build.0 = Release|Win32
		{E12B6340-F4F6-40E5-8E32-A3436A20B61E}.Debug|x64.ActiveCfg = Debug|x64
		{E12B6340-F4F6-40E5-8E32-A3436A20B61E}.Debug|x64.Build.0 = Debug|x64
		{E12B6340-F4F6-40E5-8E32-A3436A20B61E}.Debug|x86.ActiveCfg = Debug|Win32
		{E12B6340-F4F6-40E5-8E32-A3436A20B61E}.Debug|x86.Build.0 = Debug|Win32
		{E12B6340-F4F6-40E5-8E32-A3436A20B61E}.Release|x64.ActiveCfg = Release|x64
		{E12B6340-F4F6-40E5-8E32-A3436A20B61E}.Release|x64.Build.0 = Release|x64
		{E12B6340-F4F6-40E5-8E32-A3436A20B61E}.Release|x86.ActiveCfg = Release|Win32
		{E12B6340-F4F6-40E5-8E32-A3436A20B61E}.Release|x86.Build.0 = Release|Win32
		{AF474E11-7143-46CF-A7F1-0DB6A67BD68F}.Debug|x64.ActiveCfg = Debug|x64
		{AF474E11-7143-46CF-A7F1-0DB6A67BD68F}.Debug|x64.Build.0 = Debug|x64
		{AF474E11-7143-46CF-A7F1-0DB6A67BD68F}.Debug|x86.ActiveCfg = Debug|Win32
		{AF474E11-7143-46CF-A7F1-0DB6A67BD68F}.Debug|x86.Build.0 = Debug|Win32
		{AF474E11-7143-46CF-A7F1-0DB6A67BD68F}.Release|x64.ActiveCfg = Release|x64
		{AF474E11-7143-46CF-A7F1-0DB6A67BD68F}.Release|x64.Build.0 = Release|x64
		{AF474E11-7143-46CF-A7F1-0DB6A67BD68F}.Release|x86.ActiveCfg = Release|Win32
		{AF474E11-7143-46CF-A7F1-0DB6A67BD68F}.Release|x86.Build.0 = Release|Win32
		{6F437EE5-85DE-4F97-86DA-32F1C75D3C0B}.Debug|x64.ActiveCfg = Debug|x64
		{6F437EE5-85DE-4F97-86DA-32F1C75D3C0B}.Debug|x64.Build.0 = Debug|x64
		{6F437EE5-85DE-4F97-86DA-32F1C75D3C0B}.Debug|x86.ActiveCfg = Debug|Win32
		{6F437EE5-85DE-4F97-86DA-32F1C75D3C0B}.Debug|x86.Build.0 = Debug|Win32
		{6F437EE5-85DE-4F97-86DA-32F1C75D3C0B}.Release|x64.ActiveCfg = Release|x64
		{6F437EE5-85DE-4F97-86DA-32F1C75D3C0B}.Release|x64.Build.0 = Release|x64
		{6F437EE5-85DE-4F97-86DA-32F1C75D3C0B}.Release|x86.ActiveCfg = Release|Win32
		{6F437EE5-85DE-4F97-86DA-32F1C75D3C0B}.Release|x86.Build.0 = Release|Win32
		{E278FFDE-E10C-4859-B29A-381A593A4C41}.Debug|x64.ActiveCfg = Debug|x64
		{E278FFDE-E10C-4859-B29A-381A593A4C41}.Debug|x64.Build.0 = Debug|x64
		{E278FFDE-E10C-4859-B29A-381A593A4C41}.Debug|x86.ActiveCfg = Debug|Win32
		{E278FFDE-E10C-4859-B29A-381A593A4C41}.Debug|x86.Build.0 = Debug|Win32
		{E278FFDE-E10C-4859-B29A-381A593A4C41}.Release|x64.ActiveCfg = Release|x64
		{E278FFDE-E10C-4859-B29A-381A593A4C41}.Release|x64.Build.0 = Release|x64
		{E278FFDE-E10C-4859-B29A-381A593A4C41}.Release|x86.ActiveCfg = Release|Win32
		{E278FFDE-E10C-4859-B29A-381A593A4C41}.Release|x86.Build.0 = Release|Win32
		{DF79E986-ECF3-4391-AA49-D449B1BB523C}.Debug|x64.ActiveCfg = Debug|x64
		{DF79E986-ECF3-4391-AA49-D449B1BB523C}.Debug|x64.Build.0 = Debug|x64
		{DF79E986-ECF3-4391-AA49-D449B1BB523C}.Debug|x86.ActiveCfg = Debug|Win32
		{DF79E986-ECF3-4391-AA49-D449B1BB523C}.Debug|x86.Build.0 = Debug|Win32
		{DF79E986-ECF3-4391-AA49-D449B1BB523C}.Release|x64.ActiveCfg = Release|x64
		{DF79E986-ECF3-4391-AA49-D449B1BB523C}.Release|x64.Build.0 = Release|x64
		{DF79E986-ECF3-4391-AA49-D449B1BB523C}.Release|x86.ActiveCfg = Release|Win32
		{DF79E986-ECF3-4391-AA49-D449B1BB523C}.Release|x86.Build.0 = Release|Win32
		{01C7E1A7-4745-4B07-BD3B-FB963393D3FC}.Debug|x64.ActiveCfg = Debug|x64
		{01C7E1A7-4745-4B07-BD3B-FB963393D3FC}.Debug|x64.Build.0 = Debug|x64
		{01C7E1A7-4745-4B07-BD3B-FB963393D3FC}.Debug|x86.ActiveCfg = Debug|Win32
		{01C7E1A7-4745-4B07-BD3B-FB963393D3FC}.Debug|x86.Build.0 = Debug|Win32
		{01C7E1A7-4745-4B07-BD3B-FB963393D3FC}.Release|x64.ActiveCfg = Release|x64
		{01C7E1A7-4745-4B07-BD3B-FB963393D3FC}.Release|x64.Build.0 = Release|x64
		{01C7E1A7-4745-4B07-BD3B-FB963393D3FC}.Release|x86.ActiveCfg = Release|Win32
		{01C7E1A7-4745-4B07-BD3B-FB963393D3FC}.Release|x86.Build.0 = Release|Win32
		{7BA3F325-590C-4CAF-8A16-90B80EF66CCB}.Debug|x64.ActiveCfg = Debug|x64
		{7BA3F325-590C-4CAF-8A16-90B80EF66CCB}.Debug|x64.Build.0 = Debug|x64
		{7BA3F325-590C-4CAF-8A16-90B80EF66CCB}.Debug|x86.ActiveCfg = Debug|Win32
		{7BA3F325-590C-4CAF-8A16-90B80EF66CCB}.Debug|x86.Build.0 = Debug|Win32
		{7BA3F325-590C-4CAF-8A16-90B80EF66CCB}.Release|x64.ActiveCfg = Release|x64
		{7BA3F325-590C-4CAF-8A16-90B80EF66CCB}.Release|x64.Build.0 = Release|x64
		{7BA3F325-590C-4CAF-8A16-90B80EF66CCB}.Release|x86.ActiveCfg = Release|Win32
		{7BA3F325-590C-4CAF-8A16-90B80EF66CCB}.Release|x86.Build.0 = Release|Win32
		{41628E88-65E0-49DA-BB43-084DA08630FA}.Debug|x64.ActiveCfg = Debug|x64
		{41628E88-65E0-49DA-BB43-084DA08630FA}.Debug|x64.Build.0 = Debug|x64
		{41628E88-65E0-49DA-BB43-084DA08630FA}.Debug|x86.ActiveCfg = Debug|Win32
		{41628E88-65E0-49DA-BB43-084DA08630FA}.Debug|x86.Build.0 = Debug|Win32
		{41628E88-65E0-49DA-BB43-084DA08630FA}.Release|x64.ActiveCfg = Release|x64
		{41628E88-65E0-49DA-BB43-084DA08630FA}.Release|x64.Build.0 = Release|x64
		{41628E88-65E0-49DA-BB43-084DA08630FA}.Release|x86.ActiveCfg = Release|Win32
		{41628E88-65E0-49DA-BB43-084DA08630FA}.Release|x86.Build.0 = Release|Win32
		{585304C5-8F21-4E64-9F95-FABB244CBF7A}.Debug|x64.ActiveCfg = Debug|x64
		{585304C5-8F21-4E64-9F95-FABB244CBF7A}.Debug|x64.Build.0 = Debug|x64
		{585304C5-8F21-4E64-9F95-FABB244CBF7A}.Debug|x86.ActiveCfg = Debug|Win32
		{585304C5-8F21-4E64-9F95-FABB244CBF7A}.Debug|x86.Build.0 = Debug|Win32
		{585304C5-8F21-4E64-9F95-FABB244CBF7A}.Release|x64.ActiveCfg = Release|x64
		{585304C5-8F21-4E64-9F95-FABB244CBF7A}.Release|x64.Build.0 = Release|x64
		{585304C5-8F21-4E64-9F95-FABB244CBF7A}.Release|x86.ActiveCfg = Release|Win32
		{585304C5-8F21-4E64-9F95-FABB244CBF7A}.Release|x86.Build.0 = Release|Win32
		{ECE9FC52-E381-4806-998D-41E9EF3E2582}.Debug|x64.ActiveCfg = Debug|x64
		{ECE9FC52-E381-4806-998D-41E9EF3E2582}.Debug|x64.Build.0 = Debug|x64
		{ECE9FC52-E381-4806-998D-41E9EF3E2582}.Debug|x86.ActiveCfg = Debug|Win32
		{ECE9FC52-E381-4806-998D-41E9EF3E2582}.Debug|x86.Build.0 = Debug|Win32
		{ECE9FC52-E381-4806-998D-41E9EF3E2582}.Release|x64.ActiveCfg = Release|x64
		{ECE9FC52-E381-4806-998D-41E9EF3E2582}.Release|x64.Build.0 = Release|x64
		{ECE9FC52-E381-4806-998D-41E9EF3E2582}.Release|x86.ActiveCfg = Release|Win32
		{ECE9FC52-E381-4806-998D-41E9EF3E2582}.Release|x86.Build.0 = Release|Win32
		{6356AC3A-3702-4027-B374-6C1D930F2390}.Debug|x64.ActiveCfg = Debug|x64
		{6356AC3A-3702-4027-B374-6C1D930F2390}.Debug|x64.Build.0 = Debug|x64
		{6356AC3A-3702-4027-B374-6C1D930F2390}.Debug|x86.ActiveCfg = Debug|Win32
		{6356AC3A-3702-4027-B374-6C1D930F2390}.Debug|x86.Build.0 = Debug|Win32
		{6356AC3A-3702-4027-B374-6C1D930F2390}.Release|x64.ActiveCfg = Release|x64
		{6356AC3A-3702-4027-B374-6C1D930F2390}.Release|x64.Build.0 = Release|x64
		{6356AC3A-3702-4027-B374-6C1D930F2390}.Release|x86.ActiveCfg = Release|Win32
		{6356AC3A-3702-4027-B374-6C1D930F2390}.Release|x86.Build.0 = Release|Win32
		{409CB948-ED9E-4781-9E51-C4F996B20D4F}.Debug|x64.ActiveCfg = Debug|x64
		{409CB948-ED9E-4781-9E51-C4F996B20D4F}.Debug|x64.Build.0 = Debug|x64
		{409CB948-ED9E-4781-9E51-C4F996B20D4F}.Debug|x86.ActiveCfg = Debug|Win32
		{409CB948-ED9E-4781-9E51-C4F996B20D4F}.Debug|x86.Build.0 = Debug|Win32
		{409CB948-ED9E-4781-9E51-C4F996B20D4F}.Release|x64.ActiveCfg = Release|x64
		{409CB948-ED9E-4781-9E51-C4F996B20D4F}.Release|x64.Build.0 = Release|x64
		{409CB948-ED9E-4781-9E51-C4F996B20D4F}.Release|x86.ActiveCfg = Release|Win32
		{409CB948-ED9E-4781-9E51-C4F996B20D4F}.Release|x86.Build.0 = Release|Win32
		{CF06EA58-5A03-4250-A501-320785814A7E}.Debug|x64.ActiveCfg = Debug|x64
		{CF06EA58-5A03-4250-A501-320785814A7E}.Debug|x64.Build.0 = Debug|x64
		{CF06EA58-5A03-4250-A501-320785814A7E}.Debug|x86.ActiveCfg = Debug|Win32
		{CF06EA58-5A03-4250-A501-320785814A7E}.Debug|x86.Build.0 = Debug|Win32
		{CF06EA58-5A03-4250-A501-320785814A7E}.Release|x64.ActiveCfg = Release|x64
		{CF06EA58-5A03-4250-A501-320785814A7E}.Release|x64.Build.0 = Release|x64
		{CF06EA58-5A03-4250-A501-320785814A7E}.Release|x86.ActiveCfg = Release|Win32
		{CF06EA58-5A03-4250-A501-320785814A7E}.Release|x86.Build.0 = Release|Win32
		{B2EC7A30-8F3D-4EC6-A269-C7AFAAABEE7E}.Debug|x64.ActiveCfg = Debug|x64
		{B2EC7A30-8F3D-4EC6-A269-C7AFAAABEE7E}.Debug|x64.Build.0 = Debug|x64
		{B2EC7A30-8F3D-4EC6-A269-C7AFAAABEE7E}.Debug|x86.ActiveCfg = Debug|Win32
		{B2EC7A30-8F3D-4EC6-A269-C7AFAAABEE7E}.Debug|x86.Build.0 = Debug|Win32
		{B2EC7A30-8F3D-4EC6-A269-C7AFAAABEE7E}.Release|x64.ActiveCfg = Release|x64
		{B2EC7A30-8F3D-4EC6-A269-C7AFAAABEE7E}.Release|x64.Build.0 = Release|x64
		{B2EC7A30-8F3D-4EC6-A269-C7AFAAABEE7E}.Release|x86.ActiveCfg = Release|Win32
		{B2EC7A30-8F3D-4EC6-A269-C7AFAAABEE7E}.Release|x86.Build.0 = Release|Win32
		{A2CC3636-1CC0-46FB-B81F-D194E7395250}.Debug|x64.ActiveCfg = Debug|x64
		{A2CC3636-1CC0-46FB-B81F-D194E7395250}.Debug|x64.Build.0 = Debug|x64
		{A2CC3636-1CC0-46FB-B81F-D194E7395250}.Debug|x86.ActiveCfg = Debug|Win32
		{A2CC3636-1CC0-46FB-B81F-D194E7395250}.Debug|x86.Build.0 = Debug|Win32
		{A2CC3636-1CC0-46FB-B81F-D194E7395250}.Release|x64.ActiveCfg = Release|x64
		{A2CC3636-1CC0-46FB-B81F-D194E7395250}.Release|x64.Build.0 = Release|x64
		{A2CC3636-1CC0-46FB-B81F-D194E7395250}.Release|x86.ActiveCfg = Release|Win32
		{A2CC3636-1CC0-46FB-B81F-D194E7395250}.Release|x86.Build.0 = Release|Win32
		{1FD1A6E9-3BC2-4584-86AD-5535972F3BD7}.Debug|x64.ActiveCfg = Debug|x64
		{1FD1A6E9-3BC2-4584-86AD-5535972F3BD7}.Debug|x64.Build.0 = Debug|x64
		{1FD1A6E9-3BC2-4584-86AD-5535972F3BD7}.Debug|x86.ActiveCfg = Debug|Win32
		{1FD1A6E9-3BC2-4584-86AD-5535972F3BD7}.Debug|x86.Build.0 = Debug|Win32
		{1FD1A6E9-3BC2-4584-86AD-5535972F3BD7}.Release|x64.ActiveCfg = Release|x64
		{1FD1A6E9-3BC2-4584-86AD-5535972F3BD7}.Release|x64.Build.0 = Release|x64
		{1FD1A6E9-3BC2-4584-86AD-5535972F3BD7}.Release|x86.ActiveCfg = Release|Win32
		{1FD1A6E9-3BC2-4584-86AD-5535972F3BD7}.Release|x86.Build.0 = Release|Win32
		{97D07EDD-7715-49E6-8C9A-20A89CD2B6E4}.Debug|x64.ActiveCfg = Debug|x64
		{97D07EDD-7715-49E6-8C9A-20A89CD2B6E4}.Debug|x64.Build.0 = Debug|x64
		{97D07EDD-7715-49E6-8C9A-20A89CD2B6E4}.Debug|x86.ActiveCfg = Debug|Win32
		{97D07EDD-7715-49E6-8C9A-20A89CD2B6E4}.Debug|x86.Build.0 = Debug|Win32
		{97D07EDD-7715-49E6-8C9A-20A89CD2B6E4}.Release|x64.ActiveCfg = Release|x64
		{97D07EDD-7715-49E6-8C9A-20A89CD2B6E4}.Release|x64.Build.0 = Release|x64
		{97D07EDD-7715-49E6-8C9A-20A89CD2B6E4}.Release|x86.ActiveCfg = Release|Win32
		{97D07EDD-7715-49E6-8C9A-20A89CD2B6E4}.Release|x86.Build.0 = Release|Win32
		{7D28EC20-67A7-4FBC-893F-9ED7AD28D45F}.Debug|x64.ActiveCfg = Debug|x64
		{7D28EC20-67A7-4FBC-893F-9ED7AD28D45F}.Debug|x64.Build.0 = Debug|x64
		{7D28EC20-67A7-4FBC-893F-9ED7AD28D45F}.Debug|x86.ActiveCfg = Debug|Win32
		{7D28EC20-67A7-4FBC-893F-9ED7AD28D45F}.Debug|x86.Build.0 = Debug|Win32
		{7D28EC20-67A7-4FBC-893F-9ED7AD28D45F}.Release|x64.ActiveCfg = Release|x64
		{7D28EC20-67A7-4FBC-893F-9ED7AD28D45F}.Release|x64.Build.0 = Release|x64
		{7D28EC20-67A7-4FBC-893F-9ED7AD28D45F}.Release|x86.ActiveCfg = Release|Win32
		{7D28EC20-67A7-4FBC-893F-9ED7AD28D45F}.Release|x86.Build.0 = Release|Win32
	EndGlobalSection
	GlobalSection(SolutionProperties) = preSolution
		HideSolutionNode = FALSE
	EndGlobalSection
	GlobalSection(ExtensibilityGlobals) = postSolution
		SolutionGuid = {D24AAABC-83FD-4DC7-8D1F-5D5C4E73BA1D}
	EndGlobalSection
EndGlobal
